
Microsoft Visual Studio Solution File, Format Version 12.00
# Visual Studio Version 17
VisualStudioVersion = 17.5.002.0
MinimumVisualStudioVersion = 10.0.40219.1
Project("{9A19103F-16F7-4668-BE54-9A1E7A4F7556}") = "demo-dot5-5000-app", "demo-dot5-5000-app.csproj", "{1E1CA808-A5D1-45FE-A29B-66B984230985}"
EndProject
Global
	GlobalSection(SolutionConfigurationPlatforms) = preSolution
		Debug|Any CPU = Debug|Any CPU
		Release|Any CPU = Release|Any CPU
	EndGlobalSection
	GlobalSection(ProjectConfigurationPlatforms) = postSolution
		{1E1CA808-A5D1-45FE-A29B-66B984230985}.Debug|Any CPU.ActiveCfg = Debug|Any CPU
		{1E1CA808-A5D1-45FE-A29B-66B984230985}.Debug|Any CPU.Build.0 = Debug|Any CPU
		{1E1CA808-A5D1-45FE-A29B-66B984230985}.Release|Any CPU.ActiveCfg = Release|Any CPU
		{1E1CA808-A5D1-45FE-A29B-66B984230985}.Release|Any CPU.Build.0 = Release|Any CPU
	EndGlobalSection
	GlobalSection(SolutionProperties) = preSolution
		HideSolutionNode = FALSE
	EndGlobalSection
	GlobalSection(ExtensibilityGlobals) = postSolution
		SolutionGuid = {BDE90F2B-E0F0-480B-AC72-13EC8A511E26}
	EndGlobalSection
EndGlobal
